
Microsoft Visual Studio Solution File, Format Version 12.00
# Visual Studio 2012
Project("{FAE04EC0-301F-11D3-BF4B-00C04F79EFBC}") = "PingPong", "PingPong\PingPong.csproj", "{3CE00380-6AA5-44CB-AE5C-DC7D1E2BE30C}"
EndProject
Project("{FAE04EC0-301F-11D3-BF4B-00C04F79EFBC}") = "PingPongTest", "PingPongTest\PingPongTest.csproj", "{7DA829F3-0F51-42F5-A068-A896149EC70B}"
EndProject
Global
	GlobalSection(SolutionConfigurationPlatforms) = preSolution
		Debug|Any CPU = Debug|Any CPU
		Release|Any CPU = Release|Any CPU
	EndGlobalSection
	GlobalSection(ProjectConfigurationPlatforms) = postSolution
		{3CE00380-6AA5-44CB-AE5C-DC7D1E2BE30C}.Debug|Any CPU.ActiveCfg = Debug|Any CPU
		{3CE00380-6AA5-44CB-AE5C-DC7D1E2BE30C}.Debug|Any CPU.Build.0 = Debug|Any CPU
		{3CE00380-6AA5-44CB-AE5C-DC7D1E2BE30C}.Release|Any CPU.ActiveCfg = Release|Any CPU
		{3CE00380-6AA5-44CB-AE5C-DC7D1E2BE30C}.Release|Any CPU.Build.0 = Release|Any CPU
		{7DA829F3-0F51-42F5-A068-A896149EC70B}.Debug|Any CPU.ActiveCfg = Debug|Any CPU
		{7DA829F3-0F51-42F5-A068-A896149EC70B}.Debug|Any CPU.Build.0 = Debug|Any CPU
		{7DA829F3-0F51-42F5-A068-A896149EC70B}.Release|Any CPU.ActiveCfg = Release|Any CPU
		{7DA829F3-0F51-42F5-A068-A896149EC70B}.Release|Any CPU.Build.0 = Release|Any CPU
	EndGlobalSection
EndGlobal
